
Microsoft Visual Studio Solution File, Format Version 11.00
# Visual C++ Express 2010
Project("{8BC9CEB8-8B4A-11D0-8D11-00A0C91BC942}") = "4.1-a", "4.1-a\4.1-a.vcxproj", "{77CAFFD8-696E-45FE-8FEC-5038732FCF0F}"
EndProject
Project("{8BC9CEB8-8B4A-11D0-8D11-00A0C91BC942}") = "4.1-b", "4.1-b\4.1-b.vcxproj", "{ECFE01A5-1A9A-4970-B60C-7703A38396F2}"
EndProject
Project("{8BC9CEB8-8B4A-11D0-8D11-00A0C91BC942}") = "4.1-c", "4.1-c\4.1-c.vcxproj", "{FA65B16A-F50C-477F-A1A9-FFD403DCDC0B}"
EndProject
Project("{8BC9CEB8-8B4A-11D0-8D11-00A0C91BC942}") = "4.2-a", "4.2-a\4.2-a.vcxproj", "{5CB2B1C0-E9A2-432C-BF1B-B4712972988A}"
EndProject
Project("{8BC9CEB8-8B4A-11D0-8D11-00A0C91BC942}") = "4.2-b", "4.2-b\4.2-b.vcxproj", "{24FDEF1D-99F4-4773-9FE0-13E7F4E79FFB}"
EndProject
Project("{8BC9CEB8-8B4A-11D0-8D11-00A0C91BC942}") = "4.3-a", "4.3-a\4.3-a.vcxproj", "{6F58547F-FE2A-4D05-B176-476451FD7756}"
EndProject
Project("{8BC9CEB8-8B4A-11D0-8D11-00A0C91BC942}") = "4.3-b", "4.3-b\4.3-b.vcxproj", "{CDC99DD5-4199-41A1-AEAC-1804C5553623}"
EndProject
Project("{8BC9CEB8-8B4A-11D0-8D11-00A0C91BC942}") = "4.3-c", "4.3-c\4.3-c.vcxproj", "{D8EC9210-D258-497D-876F-14973DEA8570}"
EndProject
Global
	GlobalSection(SolutionConfigurationPlatforms) = preSolution
		Debug|Win32 = Debug|Win32
		Release|Win32 = Release|Win32
	EndGlobalSection
	GlobalSection(ProjectConfigurationPlatforms) = postSolution
		{77CAFFD8-696E-45FE-8FEC-5038732FCF0F}.Debug|Win32.ActiveCfg = Debug|Win32
		{77CAFFD8-696E-45FE-8FEC-5038732FCF0F}.Debug|Win32.Build.0 = Debug|Win32
		{77CAFFD8-696E-45FE-8FEC-5038732FCF0F}.Release|Win32.ActiveCfg = Release|Win32
		{77CAFFD8-696E-45FE-8FEC-5038732FCF0F}.Release|Win32.Build.0 = Release|Win32
		{ECFE01A5-1A9A-4970-B60C-7703A38396F2}.Debug|Win32.ActiveCfg = Debug|Win32
		{ECFE01A5-1A9A-4970-B60C-7703A38396F2}.Debug|Win32.Build.0 = Debug|Win32
		{ECFE01A5-1A9A-4970-B60C-7703A38396F2}.Release|Win32.ActiveCfg = Release|Win32
		{ECFE01A5-1A9A-4970-B60C-7703A38396F2}.Release|Win32.Build.0 = Release|Win32
		{FA65B16A-F50C-477F-A1A9-FFD403DCDC0B}.Debug|Win32.ActiveCfg = Debug|Win32
		{FA65B16A-F50C-477F-A1A9-FFD403DCDC0B}.Debug|Win32.Build.0 = Debug|Win32
		{FA65B16A-F50C-477F-A1A9-FFD403DCDC0B}.Release|Win32.ActiveCfg = Release|Win32
		{FA65B16A-F50C-477F-A1A9-FFD403DCDC0B}.Release|Win32.Build.0 = Release|Win32
		{5CB2B1C0-E9A2-432C-BF1B-B4712972988A}.Debug|Win32.ActiveCfg = Debug|Win32
		{5CB2B1C0-E9A2-432C-BF1B-B4712972988A}.Debug|Win32.Build.0 = Debug|Win32
		{5CB2B1C0-E9A2-432C-BF1B-B4712972988A}.Release|Win32.ActiveCfg = Release|Win32
		{5CB2B1C0-E9A2-432C-BF1B-B4712972988A}.Release|Win32.Build.0 = Release|Win32
		{24FDEF1D-99F4-4773-9FE0-13E7F4E79FFB}.Debug|Win32.ActiveCfg = Debug|Win32
		{24FDEF1D-99F4-4773-9FE0-13E7F4E79FFB}.Debug|Win32.Build.0 = Debug|Win32
		{24FDEF1D-99F4-4773-9FE0-13E7F4E79FFB}.Release|Win32.ActiveCfg = Release|Win32
		{24FDEF1D-99F4-4773-9FE0-13E7F4E79FFB}.Release|Win32.Build.0 = Release|Win32
		{6F58547F-FE2A-4D05-B176-476451FD7756}.Debug|Win32.ActiveCfg = Debug|Win32
		{6F58547F-FE2A-4D05-B176-476451FD7756}.Debug|Win32.Build.0 = Debug|Win32
		{6F58547F-FE2A-4D05-B176-476451FD7756}.Release|Win32.ActiveCfg = Release|Win32
		{6F58547F-FE2A-4D05-B176-476451FD7756}.Release|Win32.Build.0 = Release|Win32
		{CDC99DD5-4199-41A1-AEAC-1804C5553623}.Debug|Win32.ActiveCfg = Debug|Win32
		{CDC99DD5-4199-41A1-AEAC-1804C5553623}.Debug|Win32.Build.0 = Debug|Win32
		{CDC99DD5-4199-41A1-AEAC-1804C5553623}.Release|Win32.ActiveCfg = Release|Win32
		{CDC99DD5-4199-41A1-AEAC-1804C5553623}.Release|Win32.Build.0 = Release|Win32
		{D8EC9210-D258-497D-876F-14973DEA8570}.Debug|Win32.ActiveCfg = Debug|Win32
		{D8EC9210-D258-497D-876F-14973DEA8570}.Debug|Win32.Build.0 = Debug|Win32
		{D8EC9210-D258-497D-876F-14973DEA8570}.Release|Win32.ActiveCfg = Release|Win32
		{D8EC9210-D258-497D-876F-14973DEA8570}.Release|Win32.Build.0 = Release|Win32
	EndGlobalSection
	GlobalSection(SolutionProperties) = preSolution
		HideSolutionNode = FALSE
	EndGlobalSection
EndGlobal
