
Microsoft Visual Studio Solution File, Format Version 11.00
# Visual C++ Express 2010
Project("{8BC9CEB8-8B4A-11D0-8D11-00A0C91BC942}") = "2.1", "2.1\2.1.vcxproj", "{2C5864D5-E280-4C7B-88D6-E3A147F76489}"
EndProject
Project("{8BC9CEB8-8B4A-11D0-8D11-00A0C91BC942}") = "2.2", "2.2\2.2.vcxproj", "{62FB9C09-E688-484D-8711-8AD7118F17C6}"
EndProject
Project("{8BC9CEB8-8B4A-11D0-8D11-00A0C91BC942}") = "2.3", "2.3\2.3.vcxproj", "{85C92D33-8477-42CC-8373-F75A7A15D2FF}"
EndProject
Global
	GlobalSection(SolutionConfigurationPlatforms) = preSolution
		Debug|Win32 = Debug|Win32
		Release|Win32 = Release|Win32
	EndGlobalSection
	GlobalSection(ProjectConfigurationPlatforms) = postSolution
		{2C5864D5-E280-4C7B-88D6-E3A147F76489}.Debug|Win32.ActiveCfg = Debug|Win32
		{2C5864D5-E280-4C7B-88D6-E3A147F76489}.Debug|Win32.Build.0 = Debug|Win32
		{2C5864D5-E280-4C7B-88D6-E3A147F76489}.Release|Win32.ActiveCfg = Release|Win32
		{2C5864D5-E280-4C7B-88D6-E3A147F76489}.Release|Win32.Build.0 = Release|Win32
		{62FB9C09-E688-484D-8711-8AD7118F17C6}.Debug|Win32.ActiveCfg = Debug|Win32
		{62FB9C09-E688-484D-8711-8AD7118F17C6}.Debug|Win32.Build.0 = Debug|Win32
		{62FB9C09-E688-484D-8711-8AD7118F17C6}.Release|Win32.ActiveCfg = Release|Win32
		{62FB9C09-E688-484D-8711-8AD7118F17C6}.Release|Win32.Build.0 = Release|Win32
		{85C92D33-8477-42CC-8373-F75A7A15D2FF}.Debug|Win32.ActiveCfg = Debug|Win32
		{85C92D33-8477-42CC-8373-F75A7A15D2FF}.Debug|Win32.Build.0 = Debug|Win32
		{85C92D33-8477-42CC-8373-F75A7A15D2FF}.Release|Win32.ActiveCfg = Release|Win32
		{85C92D33-8477-42CC-8373-F75A7A15D2FF}.Release|Win32.Build.0 = Release|Win32
	EndGlobalSection
	GlobalSection(SolutionProperties) = preSolution
		HideSolutionNode = FALSE
	EndGlobalSection
EndGlobal
