
Microsoft Visual Studio Solution File, Format Version 11.00
# Visual C++ Express 2010
Project("{8BC9CEB8-8B4A-11D0-8D11-00A0C91BC942}") = "1-1-a", "1-1-a\1-1-a.vcxproj", "{81D34087-C37E-46E5-8D0E-C6A8BB02594C}"
EndProject
Global
	GlobalSection(SolutionConfigurationPlatforms) = preSolution
		Debug|Win32 = Debug|Win32
		Release|Win32 = Release|Win32
	EndGlobalSection
	GlobalSection(ProjectConfigurationPlatforms) = postSolution
		{81D34087-C37E-46E5-8D0E-C6A8BB02594C}.Debug|Win32.ActiveCfg = Debug|Win32
		{81D34087-C37E-46E5-8D0E-C6A8BB02594C}.Debug|Win32.Build.0 = Debug|Win32
		{81D34087-C37E-46E5-8D0E-C6A8BB02594C}.Release|Win32.ActiveCfg = Release|Win32
		{81D34087-C37E-46E5-8D0E-C6A8BB02594C}.Release|Win32.Build.0 = Release|Win32
	EndGlobalSection
	GlobalSection(SolutionProperties) = preSolution
		HideSolutionNode = FALSE
	EndGlobalSection
EndGlobal
