
Microsoft Visual Studio Solution File, Format Version 11.00
# Visual C++ Express 2010
Project("{8BC9CEB8-8B4A-11D0-8D11-00A0C91BC942}") = "1.1-a", "1.1-a\1.1-a.vcxproj", "{81D34087-C37E-46E5-8D0E-C6A8BB02594C}"
EndProject
Project("{8BC9CEB8-8B4A-11D0-8D11-00A0C91BC942}") = "1.1-b", "1.1-b\1.1-b.vcxproj", "{5E28BD71-DFC3-4DEB-B488-7D01A862EDB1}"
EndProject
Project("{8BC9CEB8-8B4A-11D0-8D11-00A0C91BC942}") = "1.2-a", "1.2-a\1.2-a.vcxproj", "{4267E57F-3F45-4F25-970A-F2A46B98CB93}"
EndProject
Project("{8BC9CEB8-8B4A-11D0-8D11-00A0C91BC942}") = "1.2-b", "1.2-b\1.2-b.vcxproj", "{7035981B-8B19-47AF-A88F-767567891FC9}"
EndProject
Project("{8BC9CEB8-8B4A-11D0-8D11-00A0C91BC942}") = "1.2-c", "1.2-c\1.2-c.vcxproj", "{CB254918-341E-4167-84EB-4CBF19891FBA}"
EndProject
Project("{8BC9CEB8-8B4A-11D0-8D11-00A0C91BC942}") = "1.2.1", "1.2.1\1.2.1.vcxproj", "{5DBF2657-9064-4B82-A7F2-3FA8B0D1713C}"
EndProject
Project("{8BC9CEB8-8B4A-11D0-8D11-00A0C91BC942}") = "1.3", "1.3\1.3.vcxproj", "{73A3C9D0-D0BC-4719-9F77-F785098E83A5}"
EndProject
Project("{8BC9CEB8-8B4A-11D0-8D11-00A0C91BC942}") = "1.4", "1.4\1.4.vcxproj", "{ACCE12BB-2904-4AF3-9A58-936DE9D1D3B7}"
EndProject
Project("{8BC9CEB8-8B4A-11D0-8D11-00A0C91BC942}") = "1.5", "1.5\1.5.vcxproj", "{EDC1C68F-0EA9-4BAB-A887-1482B2A1AF85}"
EndProject
Global
	GlobalSection(SolutionConfigurationPlatforms) = preSolution
		Debug|Win32 = Debug|Win32
		Release|Win32 = Release|Win32
	EndGlobalSection
	GlobalSection(ProjectConfigurationPlatforms) = postSolution
		{81D34087-C37E-46E5-8D0E-C6A8BB02594C}.Debug|Win32.ActiveCfg = Debug|Win32
		{81D34087-C37E-46E5-8D0E-C6A8BB02594C}.Debug|Win32.Build.0 = Debug|Win32
		{81D34087-C37E-46E5-8D0E-C6A8BB02594C}.Release|Win32.ActiveCfg = Release|Win32
		{81D34087-C37E-46E5-8D0E-C6A8BB02594C}.Release|Win32.Build.0 = Release|Win32
		{5E28BD71-DFC3-4DEB-B488-7D01A862EDB1}.Debug|Win32.ActiveCfg = Debug|Win32
		{5E28BD71-DFC3-4DEB-B488-7D01A862EDB1}.Debug|Win32.Build.0 = Debug|Win32
		{5E28BD71-DFC3-4DEB-B488-7D01A862EDB1}.Release|Win32.ActiveCfg = Release|Win32
		{5E28BD71-DFC3-4DEB-B488-7D01A862EDB1}.Release|Win32.Build.0 = Release|Win32
		{4267E57F-3F45-4F25-970A-F2A46B98CB93}.Debug|Win32.ActiveCfg = Debug|Win32
		{4267E57F-3F45-4F25-970A-F2A46B98CB93}.Debug|Win32.Build.0 = Debug|Win32
		{4267E57F-3F45-4F25-970A-F2A46B98CB93}.Release|Win32.ActiveCfg = Release|Win32
		{4267E57F-3F45-4F25-970A-F2A46B98CB93}.Release|Win32.Build.0 = Release|Win32
		{7035981B-8B19-47AF-A88F-767567891FC9}.Debug|Win32.ActiveCfg = Debug|Win32
		{7035981B-8B19-47AF-A88F-767567891FC9}.Debug|Win32.Build.0 = Debug|Win32
		{7035981B-8B19-47AF-A88F-767567891FC9}.Release|Win32.ActiveCfg = Release|Win32
		{7035981B-8B19-47AF-A88F-767567891FC9}.Release|Win32.Build.0 = Release|Win32
		{CB254918-341E-4167-84EB-4CBF19891FBA}.Debug|Win32.ActiveCfg = Debug|Win32
		{CB254918-341E-4167-84EB-4CBF19891FBA}.Debug|Win32.Build.0 = Debug|Win32
		{CB254918-341E-4167-84EB-4CBF19891FBA}.Release|Win32.ActiveCfg = Release|Win32
		{CB254918-341E-4167-84EB-4CBF19891FBA}.Release|Win32.Build.0 = Release|Win32
		{5DBF2657-9064-4B82-A7F2-3FA8B0D1713C}.Debug|Win32.ActiveCfg = Debug|Win32
		{5DBF2657-9064-4B82-A7F2-3FA8B0D1713C}.Debug|Win32.Build.0 = Debug|Win32
		{5DBF2657-9064-4B82-A7F2-3FA8B0D1713C}.Release|Win32.ActiveCfg = Release|Win32
		{5DBF2657-9064-4B82-A7F2-3FA8B0D1713C}.Release|Win32.Build.0 = Release|Win32
		{73A3C9D0-D0BC-4719-9F77-F785098E83A5}.Debug|Win32.ActiveCfg = Debug|Win32
		{73A3C9D0-D0BC-4719-9F77-F785098E83A5}.Debug|Win32.Build.0 = Debug|Win32
		{73A3C9D0-D0BC-4719-9F77-F785098E83A5}.Release|Win32.ActiveCfg = Release|Win32
		{73A3C9D0-D0BC-4719-9F77-F785098E83A5}.Release|Win32.Build.0 = Release|Win32
		{ACCE12BB-2904-4AF3-9A58-936DE9D1D3B7}.Debug|Win32.ActiveCfg = Debug|Win32
		{ACCE12BB-2904-4AF3-9A58-936DE9D1D3B7}.Debug|Win32.Build.0 = Debug|Win32
		{ACCE12BB-2904-4AF3-9A58-936DE9D1D3B7}.Release|Win32.ActiveCfg = Release|Win32
		{ACCE12BB-2904-4AF3-9A58-936DE9D1D3B7}.Release|Win32.Build.0 = Release|Win32
		{EDC1C68F-0EA9-4BAB-A887-1482B2A1AF85}.Debug|Win32.ActiveCfg = Debug|Win32
		{EDC1C68F-0EA9-4BAB-A887-1482B2A1AF85}.Debug|Win32.Build.0 = Debug|Win32
		{EDC1C68F-0EA9-4BAB-A887-1482B2A1AF85}.Release|Win32.ActiveCfg = Release|Win32
		{EDC1C68F-0EA9-4BAB-A887-1482B2A1AF85}.Release|Win32.Build.0 = Release|Win32
	EndGlobalSection
	GlobalSection(SolutionProperties) = preSolution
		HideSolutionNode = FALSE
	EndGlobalSection
EndGlobal
