
Microsoft Visual Studio Solution File, Format Version 11.00
# Visual C++ Express 2010
Project("{8BC9CEB8-8B4A-11D0-8D11-00A0C91BC942}") = "5.2", "5.2\5.2.vcxproj", "{85C92D33-8477-42CC-8373-F75A7A15D2FF}"
EndProject
Project("{8BC9CEB8-8B4A-11D0-8D11-00A0C91BC942}") = "5.3", "5.3\5.3.vcxproj", "{F98A9563-CC17-486F-A42F-B2FC219D727F}"
EndProject
Project("{8BC9CEB8-8B4A-11D0-8D11-00A0C91BC942}") = "5.3.2", "5.3.2\5.3.2.vcxproj", "{BB05CDFE-8E2F-4E95-B90C-A53681287D1F}"
EndProject
Project("{8BC9CEB8-8B4A-11D0-8D11-00A0C91BC942}") = "5.4-a", "5.4-a\5.4-a.vcxproj", "{2E2C51F4-B48D-47E9-8068-F86810C288F2}"
EndProject
Project("{8BC9CEB8-8B4A-11D0-8D11-00A0C91BC942}") = "5.4-b", "5.4-b\5.4-b.vcxproj", "{FDF6D385-654F-405A-9DFE-6BE68EA92679}"
EndProject
Project("{8BC9CEB8-8B4A-11D0-8D11-00A0C91BC942}") = "5.5-a", "5.5-a\5.5-a.vcxproj", "{D0685703-6274-48A7-A39F-C249CCEDC44F}"
EndProject
Project("{8BC9CEB8-8B4A-11D0-8D11-00A0C91BC942}") = "5.5-b", "5.5-b\5.5-b.vcxproj", "{1932B877-6342-4666-9C17-1A662ABC335F}"
EndProject
Global
	GlobalSection(SolutionConfigurationPlatforms) = preSolution
		Debug|Win32 = Debug|Win32
		Release|Win32 = Release|Win32
	EndGlobalSection
	GlobalSection(ProjectConfigurationPlatforms) = postSolution
		{85C92D33-8477-42CC-8373-F75A7A15D2FF}.Debug|Win32.ActiveCfg = Debug|Win32
		{85C92D33-8477-42CC-8373-F75A7A15D2FF}.Debug|Win32.Build.0 = Debug|Win32
		{85C92D33-8477-42CC-8373-F75A7A15D2FF}.Release|Win32.ActiveCfg = Release|Win32
		{85C92D33-8477-42CC-8373-F75A7A15D2FF}.Release|Win32.Build.0 = Release|Win32
		{F98A9563-CC17-486F-A42F-B2FC219D727F}.Debug|Win32.ActiveCfg = Debug|Win32
		{F98A9563-CC17-486F-A42F-B2FC219D727F}.Debug|Win32.Build.0 = Debug|Win32
		{F98A9563-CC17-486F-A42F-B2FC219D727F}.Release|Win32.ActiveCfg = Release|Win32
		{F98A9563-CC17-486F-A42F-B2FC219D727F}.Release|Win32.Build.0 = Release|Win32
		{BB05CDFE-8E2F-4E95-B90C-A53681287D1F}.Debug|Win32.ActiveCfg = Debug|Win32
		{BB05CDFE-8E2F-4E95-B90C-A53681287D1F}.Debug|Win32.Build.0 = Debug|Win32
		{BB05CDFE-8E2F-4E95-B90C-A53681287D1F}.Release|Win32.ActiveCfg = Release|Win32
		{BB05CDFE-8E2F-4E95-B90C-A53681287D1F}.Release|Win32.Build.0 = Release|Win32
		{2E2C51F4-B48D-47E9-8068-F86810C288F2}.Debug|Win32.ActiveCfg = Debug|Win32
		{2E2C51F4-B48D-47E9-8068-F86810C288F2}.Debug|Win32.Build.0 = Debug|Win32
		{2E2C51F4-B48D-47E9-8068-F86810C288F2}.Release|Win32.ActiveCfg = Release|Win32
		{2E2C51F4-B48D-47E9-8068-F86810C288F2}.Release|Win32.Build.0 = Release|Win32
		{FDF6D385-654F-405A-9DFE-6BE68EA92679}.Debug|Win32.ActiveCfg = Debug|Win32
		{FDF6D385-654F-405A-9DFE-6BE68EA92679}.Debug|Win32.Build.0 = Debug|Win32
		{FDF6D385-654F-405A-9DFE-6BE68EA92679}.Release|Win32.ActiveCfg = Release|Win32
		{FDF6D385-654F-405A-9DFE-6BE68EA92679}.Release|Win32.Build.0 = Release|Win32
		{D0685703-6274-48A7-A39F-C249CCEDC44F}.Debug|Win32.ActiveCfg = Debug|Win32
		{D0685703-6274-48A7-A39F-C249CCEDC44F}.Debug|Win32.Build.0 = Debug|Win32
		{D0685703-6274-48A7-A39F-C249CCEDC44F}.Release|Win32.ActiveCfg = Release|Win32
		{D0685703-6274-48A7-A39F-C249CCEDC44F}.Release|Win32.Build.0 = Release|Win32
		{1932B877-6342-4666-9C17-1A662ABC335F}.Debug|Win32.ActiveCfg = Debug|Win32
		{1932B877-6342-4666-9C17-1A662ABC335F}.Debug|Win32.Build.0 = Debug|Win32
		{1932B877-6342-4666-9C17-1A662ABC335F}.Release|Win32.ActiveCfg = Release|Win32
		{1932B877-6342-4666-9C17-1A662ABC335F}.Release|Win32.Build.0 = Release|Win32
	EndGlobalSection
	GlobalSection(SolutionProperties) = preSolution
		HideSolutionNode = FALSE
	EndGlobalSection
EndGlobal
