
Microsoft Visual Studio Solution File, Format Version 11.00
# Visual C++ Express 2010
Project("{8BC9CEB8-8B4A-11D0-8D11-00A0C91BC942}") = "5.2", "5.2\5.2.vcxproj", "{85C92D33-8477-42CC-8373-F75A7A15D2FF}"
EndProject
Project("{8BC9CEB8-8B4A-11D0-8D11-00A0C91BC942}") = "5.3", "5.3\5.3.vcxproj", "{F98A9563-CC17-486F-A42F-B2FC219D727F}"
EndProject
Global
	GlobalSection(SolutionConfigurationPlatforms) = preSolution
		Debug|Win32 = Debug|Win32
		Release|Win32 = Release|Win32
	EndGlobalSection
	GlobalSection(ProjectConfigurationPlatforms) = postSolution
		{85C92D33-8477-42CC-8373-F75A7A15D2FF}.Debug|Win32.ActiveCfg = Debug|Win32
		{85C92D33-8477-42CC-8373-F75A7A15D2FF}.Debug|Win32.Build.0 = Debug|Win32
		{85C92D33-8477-42CC-8373-F75A7A15D2FF}.Release|Win32.ActiveCfg = Release|Win32
		{85C92D33-8477-42CC-8373-F75A7A15D2FF}.Release|Win32.Build.0 = Release|Win32
		{F98A9563-CC17-486F-A42F-B2FC219D727F}.Debug|Win32.ActiveCfg = Debug|Win32
		{F98A9563-CC17-486F-A42F-B2FC219D727F}.Debug|Win32.Build.0 = Debug|Win32
		{F98A9563-CC17-486F-A42F-B2FC219D727F}.Release|Win32.ActiveCfg = Release|Win32
		{F98A9563-CC17-486F-A42F-B2FC219D727F}.Release|Win32.Build.0 = Release|Win32
	EndGlobalSection
	GlobalSection(SolutionProperties) = preSolution
		HideSolutionNode = FALSE
	EndGlobalSection
EndGlobal
